// !$*UTF8*$!
{
	archiveVersion = 1;
	classes = {
	};
	objectVersion = 56;
	objects = {

/* Begin PBXBuildFile section */
		EFE5490C2C3EB5460033A6A9 /* AppDelegate.swift in Sources */ = {isa = PBXBuildFile; fileRef = EFE5490B2C3EB5460033A6A9 /* AppDelegate.swift */; };
		EFE5490E2C3EB5460033A6A9 /* SceneDelegate.swift in Sources */ = {isa = PBXBuildFile; fileRef = EFE5490D2C3EB5460033A6A9 /* SceneDelegate.swift */; };
		EFE549102C3EB5460033A6A9 /* WeatherDetailViewController.swift in Sources */ = {isa = PBXBuildFile; fileRef = EFE5490F2C3EB5460033A6A9 /* WeatherDetailViewController.swift */; };
		EFE549152C3EB5480033A6A9 /* Assets.xcassets in Resources */ = {isa = PBXBuildFile; fileRef = EFE549142C3EB5480033A6A9 /* Assets.xcassets */; };
		EFE549182C3EB5480033A6A9 /* Base in Resources */ = {isa = PBXBuildFile; fileRef = EFE549172C3EB5480033A6A9 /* Base */; };
		EFE549222C3EB6040033A6A9 /* .gitignore in Resources */ = {isa = PBXBuildFile; fileRef = EFE549212C3EB6040033A6A9 /* .gitignore */; };
		EFE549242C3EB6420033A6A9 /* APIKey.swift in Sources */ = {isa = PBXBuildFile; fileRef = EFE549232C3EB6420033A6A9 /* APIKey.swift */; };
		EFE549272C3EBAEA0033A6A9 /* BaseViewController.swift in Sources */ = {isa = PBXBuildFile; fileRef = EFE549262C3EBAEA0033A6A9 /* BaseViewController.swift */; };
		EFE549292C3EBB460033A6A9 /* BaseTableViewCell.swift in Sources */ = {isa = PBXBuildFile; fileRef = EFE549282C3EBB460033A6A9 /* BaseTableViewCell.swift */; };
		EFE5492B2C3EBB5A0033A6A9 /* BaseCollectionViewCell.swift in Sources */ = {isa = PBXBuildFile; fileRef = EFE5492A2C3EBB5A0033A6A9 /* BaseCollectionViewCell.swift */; };
		EFE549302C3EBEE80033A6A9 /* CityList.json in Resources */ = {isa = PBXBuildFile; fileRef = EFE5492F2C3EBEE80033A6A9 /* CityList.json */; };
		EFE549332C3EBF5E0033A6A9 /* SnapKit in Frameworks */ = {isa = PBXBuildFile; productRef = EFE549322C3EBF5E0033A6A9 /* SnapKit */; };
		EFE549362C3EBF790033A6A9 /* Alamofire in Frameworks */ = {isa = PBXBuildFile; productRef = EFE549352C3EBF790033A6A9 /* Alamofire */; };
		EFE549382C3EC1840033A6A9 /* Observable.swift in Sources */ = {isa = PBXBuildFile; fileRef = EFE549372C3EC1840033A6A9 /* Observable.swift */; };
		EFE5493D2C3EC4AF0033A6A9 /* NetworkManager.swift in Sources */ = {isa = PBXBuildFile; fileRef = EFE5493C2C3EC4AF0033A6A9 /* NetworkManager.swift */; };
		EFE5493F2C3EC66E0033A6A9 /* WeatherDetail.swift in Sources */ = {isa = PBXBuildFile; fileRef = EFE5493E2C3EC66E0033A6A9 /* WeatherDetail.swift */; };
		EFE5494F2C400B560033A6A9 /* UIView+.swift in Sources */ = {isa = PBXBuildFile; fileRef = EFE5494E2C400B560033A6A9 /* UIView+.swift */; };
		EFE549522C400B930033A6A9 /* ReuseIdentifierProtocol.swift in Sources */ = {isa = PBXBuildFile; fileRef = EFE549512C400B930033A6A9 /* ReuseIdentifierProtocol.swift */; };
		EFE549552C416EED0033A6A9 /* HourlyTableViewCell.swift in Sources */ = {isa = PBXBuildFile; fileRef = EFE549542C416EED0033A6A9 /* HourlyTableViewCell.swift */; };
		EFE549572C416F000033A6A9 /* DailyTableViewCell.swift in Sources */ = {isa = PBXBuildFile; fileRef = EFE549562C416F000033A6A9 /* DailyTableViewCell.swift */; };
		EFE549592C4171BA0033A6A9 /* APIURL.swift in Sources */ = {isa = PBXBuildFile; fileRef = EFE549582C4171BA0033A6A9 /* APIURL.swift */; };
/* End PBXBuildFile section */

/* Begin PBXFileReference section */
		EFE549082C3EB5460033A6A9 /* Weather+MVVM.app */ = {isa = PBXFileReference; explicitFileType = wrapper.application; includeInIndex = 0; path = "Weather+MVVM.app"; sourceTree = BUILT_PRODUCTS_DIR; };
		EFE5490B2C3EB5460033A6A9 /* AppDelegate.swift */ = {isa = PBXFileReference; lastKnownFileType = sourcecode.swift; path = AppDelegate.swift; sourceTree = "<group>"; };
		EFE5490D2C3EB5460033A6A9 /* SceneDelegate.swift */ = {isa = PBXFileReference; lastKnownFileType = sourcecode.swift; path = SceneDelegate.swift; sourceTree = "<group>"; };
		EFE5490F2C3EB5460033A6A9 /* WeatherDetailViewController.swift */ = {isa = PBXFileReference; lastKnownFileType = sourcecode.swift; path = WeatherDetailViewController.swift; sourceTree = "<group>"; };
		EFE549142C3EB5480033A6A9 /* Assets.xcassets */ = {isa = PBXFileReference; lastKnownFileType = folder.assetcatalog; path = Assets.xcassets; sourceTree = "<group>"; };
		EFE549172C3EB5480033A6A9 /* Base */ = {isa = PBXFileReference; lastKnownFileType = file.storyboard; name = Base; path = Base.lproj/LaunchScreen.storyboard; sourceTree = "<group>"; };
		EFE549192C3EB5480033A6A9 /* Info.plist */ = {isa = PBXFileReference; lastKnownFileType = text.plist.xml; path = Info.plist; sourceTree = "<group>"; };
		EFE549212C3EB6040033A6A9 /* .gitignore */ = {isa = PBXFileReference; lastKnownFileType = text; path = .gitignore; sourceTree = "<group>"; };
		EFE549232C3EB6420033A6A9 /* APIKey.swift */ = {isa = PBXFileReference; lastKnownFileType = sourcecode.swift; path = APIKey.swift; sourceTree = "<group>"; };
		EFE549262C3EBAEA0033A6A9 /* BaseViewController.swift */ = {isa = PBXFileReference; lastKnownFileType = sourcecode.swift; path = BaseViewController.swift; sourceTree = "<group>"; };
		EFE549282C3EBB460033A6A9 /* BaseTableViewCell.swift */ = {isa = PBXFileReference; lastKnownFileType = sourcecode.swift; path = BaseTableViewCell.swift; sourceTree = "<group>"; };
		EFE5492A2C3EBB5A0033A6A9 /* BaseCollectionViewCell.swift */ = {isa = PBXFileReference; lastKnownFileType = sourcecode.swift; path = BaseCollectionViewCell.swift; sourceTree = "<group>"; };
		EFE5492F2C3EBEE80033A6A9 /* CityList.json */ = {isa = PBXFileReference; fileEncoding = 4; lastKnownFileType = text.json; path = CityList.json; sourceTree = "<group>"; };
		EFE549372C3EC1840033A6A9 /* Observable.swift */ = {isa = PBXFileReference; lastKnownFileType = sourcecode.swift; path = Observable.swift; sourceTree = "<group>"; };
		EFE5493C2C3EC4AF0033A6A9 /* NetworkManager.swift */ = {isa = PBXFileReference; lastKnownFileType = sourcecode.swift; path = NetworkManager.swift; sourceTree = "<group>"; };
		EFE5493E2C3EC66E0033A6A9 /* WeatherDetail.swift */ = {isa = PBXFileReference; lastKnownFileType = sourcecode.swift; path = WeatherDetail.swift; sourceTree = "<group>"; };
		EFE5494E2C400B560033A6A9 /* UIView+.swift */ = {isa = PBXFileReference; lastKnownFileType = sourcecode.swift; path = "UIView+.swift"; sourceTree = "<group>"; };
		EFE549512C400B930033A6A9 /* ReuseIdentifierProtocol.swift */ = {isa = PBXFileReference; lastKnownFileType = sourcecode.swift; path = ReuseIdentifierProtocol.swift; sourceTree = "<group>"; };
		EFE549542C416EED0033A6A9 /* HourlyTableViewCell.swift */ = {isa = PBXFileReference; lastKnownFileType = sourcecode.swift; path = HourlyTableViewCell.swift; sourceTree = "<group>"; };
		EFE549562C416F000033A6A9 /* DailyTableViewCell.swift */ = {isa = PBXFileReference; lastKnownFileType = sourcecode.swift; path = DailyTableViewCell.swift; sourceTree = "<group>"; };
		EFE549582C4171BA0033A6A9 /* APIURL.swift */ = {isa = PBXFileReference; lastKnownFileType = sourcecode.swift; path = APIURL.swift; sourceTree = "<group>"; };
/* End PBXFileReference section */

/* Begin PBXFrameworksBuildPhase section */
		EFE549052C3EB5460033A6A9 /* Frameworks */ = {
			isa = PBXFrameworksBuildPhase;
			buildActionMask = 2147483647;
			files = (
				EFE549332C3EBF5E0033A6A9 /* SnapKit in Frameworks */,
				EFE549362C3EBF790033A6A9 /* Alamofire in Frameworks */,
			);
			runOnlyForDeploymentPostprocessing = 0;
		};
/* End PBXFrameworksBuildPhase section */

/* Begin PBXGroup section */
		EFE548FF2C3EB5460033A6A9 = {
			isa = PBXGroup;
			children = (
				EFE549212C3EB6040033A6A9 /* .gitignore */,
				EFE5490A2C3EB5460033A6A9 /* Weather+MVVM */,
				EFE549092C3EB5460033A6A9 /* Products */,
			);
			sourceTree = "<group>";
		};
		EFE549092C3EB5460033A6A9 /* Products */ = {
			isa = PBXGroup;
			children = (
				EFE549082C3EB5460033A6A9 /* Weather+MVVM.app */,
			);
			name = Products;
			sourceTree = "<group>";
		};
		EFE5490A2C3EB5460033A6A9 /* Weather+MVVM */ = {
			isa = PBXGroup;
			children = (
				EFE549502C400B780033A6A9 /* Protocol */,
				EFE5494D2C400B440033A6A9 /* Extension */,
				EFE549392C3EC1B50033A6A9 /* WeatherDetail */,
				EFE549252C3EB7E80033A6A9 /* Base */,
				EFE5493A2C3EC1C40033A6A9 /* Delegate */,
				EFE5493B2C3EC35B0033A6A9 /* Network */,
				EFE5492E2C3EBED90033A6A9 /* Model */,
				EFE549142C3EB5480033A6A9 /* Assets.xcassets */,
				EFE549162C3EB5480033A6A9 /* LaunchScreen.storyboard */,
				EFE549192C3EB5480033A6A9 /* Info.plist */,
				EFE549372C3EC1840033A6A9 /* Observable.swift */,
				EFE549232C3EB6420033A6A9 /* APIKey.swift */,
			);
			path = "Weather+MVVM";
			sourceTree = "<group>";
		};
		EFE549252C3EB7E80033A6A9 /* Base */ = {
			isa = PBXGroup;
			children = (
				EFE549262C3EBAEA0033A6A9 /* BaseViewController.swift */,
				EFE549282C3EBB460033A6A9 /* BaseTableViewCell.swift */,
				EFE5492A2C3EBB5A0033A6A9 /* BaseCollectionViewCell.swift */,
			);
			path = Base;
			sourceTree = "<group>";
		};
		EFE5492E2C3EBED90033A6A9 /* Model */ = {
			isa = PBXGroup;
			children = (
				EFE5492F2C3EBEE80033A6A9 /* CityList.json */,
				EFE5493E2C3EC66E0033A6A9 /* WeatherDetail.swift */,
				EFE549582C4171BA0033A6A9 /* APIURL.swift */,
			);
			path = Model;
			sourceTree = "<group>";
		};
		EFE549392C3EC1B50033A6A9 /* WeatherDetail */ = {
			isa = PBXGroup;
			children = (
				EFE549532C416ED80033A6A9 /* Cell */,
				EFE5490F2C3EB5460033A6A9 /* WeatherDetailViewController.swift */,
			);
			path = WeatherDetail;
			sourceTree = "<group>";
		};
		EFE5493A2C3EC1C40033A6A9 /* Delegate */ = {
			isa = PBXGroup;
			children = (
				EFE5490B2C3EB5460033A6A9 /* AppDelegate.swift */,
				EFE5490D2C3EB5460033A6A9 /* SceneDelegate.swift */,
			);
			path = Delegate;
			sourceTree = "<group>";
		};
		EFE5493B2C3EC35B0033A6A9 /* Network */ = {
			isa = PBXGroup;
			children = (
				EFE5493C2C3EC4AF0033A6A9 /* NetworkManager.swift */,
			);
			path = Network;
			sourceTree = "<group>";
		};
		EFE5494D2C400B440033A6A9 /* Extension */ = {
			isa = PBXGroup;
			children = (
				EFE5494E2C400B560033A6A9 /* UIView+.swift */,
			);
			path = Extension;
			sourceTree = "<group>";
		};
		EFE549502C400B780033A6A9 /* Protocol */ = {
			isa = PBXGroup;
			children = (
				EFE549512C400B930033A6A9 /* ReuseIdentifierProtocol.swift */,
			);
			path = Protocol;
			sourceTree = "<group>";
		};
		EFE549532C416ED80033A6A9 /* Cell */ = {
			isa = PBXGroup;
			children = (
				EFE549542C416EED0033A6A9 /* HourlyTableViewCell.swift */,
				EFE549562C416F000033A6A9 /* DailyTableViewCell.swift */,
			);
			path = Cell;
			sourceTree = "<group>";
		};
/* End PBXGroup section */

/* Begin PBXNativeTarget section */
		EFE549072C3EB5460033A6A9 /* Weather+MVVM */ = {
			isa = PBXNativeTarget;
			buildConfigurationList = EFE5491C2C3EB5480033A6A9 /* Build configuration list for PBXNativeTarget "Weather+MVVM" */;
			buildPhases = (
				EFE549042C3EB5460033A6A9 /* Sources */,
				EFE549052C3EB5460033A6A9 /* Frameworks */,
				EFE549062C3EB5460033A6A9 /* Resources */,
			);
			buildRules = (
			);
			dependencies = (
			);
			name = "Weather+MVVM";
			packageProductDependencies = (
				EFE549322C3EBF5E0033A6A9 /* SnapKit */,
				EFE549352C3EBF790033A6A9 /* Alamofire */,
			);
			productName = "Weather+MVVM";
			productReference = EFE549082C3EB5460033A6A9 /* Weather+MVVM.app */;
			productType = "com.apple.product-type.application";
		};
/* End PBXNativeTarget section */

/* Begin PBXProject section */
		EFE549002C3EB5460033A6A9 /* Project object */ = {
			isa = PBXProject;
			attributes = {
				BuildIndependentTargetsInParallel = 1;
				LastSwiftUpdateCheck = 1530;
				LastUpgradeCheck = 1530;
				TargetAttributes = {
					EFE549072C3EB5460033A6A9 = {
						CreatedOnToolsVersion = 15.3;
					};
				};
			};
			buildConfigurationList = EFE549032C3EB5460033A6A9 /* Build configuration list for PBXProject "Weather+MVVM" */;
			compatibilityVersion = "Xcode 14.0";
			developmentRegion = en;
			hasScannedForEncodings = 0;
			knownRegions = (
				en,
				Base,
			);
			mainGroup = EFE548FF2C3EB5460033A6A9;
			packageReferences = (
				EFE549312C3EBF5E0033A6A9 /* XCRemoteSwiftPackageReference "SnapKit" */,
				EFE549342C3EBF790033A6A9 /* XCRemoteSwiftPackageReference "Alamofire" */,
			);
			productRefGroup = EFE549092C3EB5460033A6A9 /* Products */;
			projectDirPath = "";
			projectRoot = "";
			targets = (
				EFE549072C3EB5460033A6A9 /* Weather+MVVM */,
			);
		};
/* End PBXProject section */

/* Begin PBXResourcesBuildPhase section */
		EFE549062C3EB5460033A6A9 /* Resources */ = {
			isa = PBXResourcesBuildPhase;
			buildActionMask = 2147483647;
			files = (
				EFE549222C3EB6040033A6A9 /* .gitignore in Resources */,
				EFE549152C3EB5480033A6A9 /* Assets.xcassets in Resources */,
				EFE549302C3EBEE80033A6A9 /* CityList.json in Resources */,
				EFE549182C3EB5480033A6A9 /* Base in Resources */,
			);
			runOnlyForDeploymentPostprocessing = 0;
		};
/* End PBXResourcesBuildPhase section */

/* Begin PBXSourcesBuildPhase section */
		EFE549042C3EB5460033A6A9 /* Sources */ = {
			isa = PBXSourcesBuildPhase;
			buildActionMask = 2147483647;
			files = (
				EFE5493D2C3EC4AF0033A6A9 /* NetworkManager.swift in Sources */,
				EFE549572C416F000033A6A9 /* DailyTableViewCell.swift in Sources */,
				EFE5493F2C3EC66E0033A6A9 /* WeatherDetail.swift in Sources */,
				EFE549552C416EED0033A6A9 /* HourlyTableViewCell.swift in Sources */,
				EFE549382C3EC1840033A6A9 /* Observable.swift in Sources */,
				EFE549272C3EBAEA0033A6A9 /* BaseViewController.swift in Sources */,
				EFE5492B2C3EBB5A0033A6A9 /* BaseCollectionViewCell.swift in Sources */,
				EFE549522C400B930033A6A9 /* ReuseIdentifierProtocol.swift in Sources */,
				EFE549102C3EB5460033A6A9 /* WeatherDetailViewController.swift in Sources */,
				EFE5490C2C3EB5460033A6A9 /* AppDelegate.swift in Sources */,
				EFE549242C3EB6420033A6A9 /* APIKey.swift in Sources */,
				EFE5494F2C400B560033A6A9 /* UIView+.swift in Sources */,
				EFE549292C3EBB460033A6A9 /* BaseTableViewCell.swift in Sources */,
				EFE549592C4171BA0033A6A9 /* APIURL.swift in Sources */,
				EFE5490E2C3EB5460033A6A9 /* SceneDelegate.swift in Sources */,
			);
			runOnlyForDeploymentPostprocessing = 0;
		};
/* End PBXSourcesBuildPhase section */

/* Begin PBXVariantGroup section */
		EFE549162C3EB5480033A6A9 /* LaunchScreen.storyboard */ = {
			isa = PBXVariantGroup;
			children = (
				EFE549172C3EB5480033A6A9 /* Base */,
			);
			name = LaunchScreen.storyboard;
			sourceTree = "<group>";
		};
/* End PBXVariantGroup section */

/* Begin XCBuildConfiguration section */
		EFE5491A2C3EB5480033A6A9 /* Debug */ = {
			isa = XCBuildConfiguration;
			buildSettings = {
				ALWAYS_SEARCH_USER_PATHS = NO;
				ASSETCATALOG_COMPILER_GENERATE_SWIFT_ASSET_SYMBOL_EXTENSIONS = YES;
				CLANG_ANALYZER_NONNULL = YES;
				CLANG_ANALYZER_NUMBER_OBJECT_CONVERSION = YES_AGGRESSIVE;
				CLANG_CXX_LANGUAGE_STANDARD = "gnu++20";
				CLANG_ENABLE_MODULES = YES;
				CLANG_ENABLE_OBJC_ARC = YES;
				CLANG_ENABLE_OBJC_WEAK = YES;
				CLANG_WARN_BLOCK_CAPTURE_AUTORELEASING = YES;
				CLANG_WARN_BOOL_CONVERSION = YES;
				CLANG_WARN_COMMA = YES;
				CLANG_WARN_CONSTANT_CONVERSION = YES;
				CLANG_WARN_DEPRECATED_OBJC_IMPLEMENTATIONS = YES;
				CLANG_WARN_DIRECT_OBJC_ISA_USAGE = YES_ERROR;
				CLANG_WARN_DOCUMENTATION_COMMENTS = YES;
				CLANG_WARN_EMPTY_BODY = YES;
				CLANG_WARN_ENUM_CONVERSION = YES;
				CLANG_WARN_INFINITE_RECURSION = YES;
				CLANG_WARN_INT_CONVERSION = YES;
				CLANG_WARN_NON_LITERAL_NULL_CONVERSION = YES;
				CLANG_WARN_OBJC_IMPLICIT_RETAIN_SELF = YES;
				CLANG_WARN_OBJC_LITERAL_CONVERSION = YES;
				CLANG_WARN_OBJC_ROOT_CLASS = YES_ERROR;
				CLANG_WARN_QUOTED_INCLUDE_IN_FRAMEWORK_HEADER = YES;
				CLANG_WARN_RANGE_LOOP_ANALYSIS = YES;
				CLANG_WARN_STRICT_PROTOTYPES = YES;
				CLANG_WARN_SUSPICIOUS_MOVE = YES;
				CLANG_WARN_UNGUARDED_AVAILABILITY = YES_AGGRESSIVE;
				CLANG_WARN_UNREACHABLE_CODE = YES;
				CLANG_WARN__DUPLICATE_METHOD_MATCH = YES;
				COPY_PHASE_STRIP = NO;
				DEBUG_INFORMATION_FORMAT = dwarf;
				ENABLE_STRICT_OBJC_MSGSEND = YES;
				ENABLE_TESTABILITY = YES;
				ENABLE_USER_SCRIPT_SANDBOXING = YES;
				GCC_C_LANGUAGE_STANDARD = gnu17;
				GCC_DYNAMIC_NO_PIC = NO;
				GCC_NO_COMMON_BLOCKS = YES;
				GCC_OPTIMIZATION_LEVEL = 0;
				GCC_PREPROCESSOR_DEFINITIONS = (
					"DEBUG=1",
					"$(inherited)",
				);
				GCC_WARN_64_TO_32_BIT_CONVERSION = YES;
				GCC_WARN_ABOUT_RETURN_TYPE = YES_ERROR;
				GCC_WARN_UNDECLARED_SELECTOR = YES;
				GCC_WARN_UNINITIALIZED_AUTOS = YES_AGGRESSIVE;
				GCC_WARN_UNUSED_FUNCTION = YES;
				GCC_WARN_UNUSED_VARIABLE = YES;
				IPHONEOS_DEPLOYMENT_TARGET = 17.4;
				LOCALIZATION_PREFERS_STRING_CATALOGS = YES;
				MTL_ENABLE_DEBUG_INFO = INCLUDE_SOURCE;
				MTL_FAST_MATH = YES;
				ONLY_ACTIVE_ARCH = YES;
				SDKROOT = iphoneos;
				SWIFT_ACTIVE_COMPILATION_CONDITIONS = "DEBUG $(inherited)";
				SWIFT_OPTIMIZATION_LEVEL = "-Onone";
			};
			name = Debug;
		};
		EFE5491B2C3EB5480033A6A9 /* Release */ = {
			isa = XCBuildConfiguration;
			buildSettings = {
				ALWAYS_SEARCH_USER_PATHS = NO;
				ASSETCATALOG_COMPILER_GENERATE_SWIFT_ASSET_SYMBOL_EXTENSIONS = YES;
				CLANG_ANALYZER_NONNULL = YES;
				CLANG_ANALYZER_NUMBER_OBJECT_CONVERSION = YES_AGGRESSIVE;
				CLANG_CXX_LANGUAGE_STANDARD = "gnu++20";
				CLANG_ENABLE_MODULES = YES;
				CLANG_ENABLE_OBJC_ARC = YES;
				CLANG_ENABLE_OBJC_WEAK = YES;
				CLANG_WARN_BLOCK_CAPTURE_AUTORELEASING = YES;
				CLANG_WARN_BOOL_CONVERSION = YES;
				CLANG_WARN_COMMA = YES;
				CLANG_WARN_CONSTANT_CONVERSION = YES;
				CLANG_WARN_DEPRECATED_OBJC_IMPLEMENTATIONS = YES;
				CLANG_WARN_DIRECT_OBJC_ISA_USAGE = YES_ERROR;
				CLANG_WARN_DOCUMENTATION_COMMENTS = YES;
				CLANG_WARN_EMPTY_BODY = YES;
				CLANG_WARN_ENUM_CONVERSION = YES;
				CLANG_WARN_INFINITE_RECURSION = YES;
				CLANG_WARN_INT_CONVERSION = YES;
				CLANG_WARN_NON_LITERAL_NULL_CONVERSION = YES;
				CLANG_WARN_OBJC_IMPLICIT_RETAIN_SELF = YES;
				CLANG_WARN_OBJC_LITERAL_CONVERSION = YES;
				CLANG_WARN_OBJC_ROOT_CLASS = YES_ERROR;
				CLANG_WARN_QUOTED_INCLUDE_IN_FRAMEWORK_HEADER = YES;
				CLANG_WARN_RANGE_LOOP_ANALYSIS = YES;
				CLANG_WARN_STRICT_PROTOTYPES = YES;
				CLANG_WARN_SUSPICIOUS_MOVE = YES;
				CLANG_WARN_UNGUARDED_AVAILABILITY = YES_AGGRESSIVE;
				CLANG_WARN_UNREACHABLE_CODE = YES;
				CLANG_WARN__DUPLICATE_METHOD_MATCH = YES;
				COPY_PHASE_STRIP = NO;
				DEBUG_INFORMATION_FORMAT = "dwarf-with-dsym";
				ENABLE_NS_ASSERTIONS = NO;
				ENABLE_STRICT_OBJC_MSGSEND = YES;
				ENABLE_USER_SCRIPT_SANDBOXING = YES;
				GCC_C_LANGUAGE_STANDARD = gnu17;
				GCC_NO_COMMON_BLOCKS = YES;
				GCC_WARN_64_TO_32_BIT_CONVERSION = YES;
				GCC_WARN_ABOUT_RETURN_TYPE = YES_ERROR;
				GCC_WARN_UNDECLARED_SELECTOR = YES;
				GCC_WARN_UNINITIALIZED_AUTOS = YES_AGGRESSIVE;
				GCC_WARN_UNUSED_FUNCTION = YES;
				GCC_WARN_UNUSED_VARIABLE = YES;
				IPHONEOS_DEPLOYMENT_TARGET = 17.4;
				LOCALIZATION_PREFERS_STRING_CATALOGS = YES;
				MTL_ENABLE_DEBUG_INFO = NO;
				MTL_FAST_MATH = YES;
				SDKROOT = iphoneos;
				SWIFT_COMPILATION_MODE = wholemodule;
				VALIDATE_PRODUCT = YES;
			};
			name = Release;
		};
		EFE5491D2C3EB5480033A6A9 /* Debug */ = {
			isa = XCBuildConfiguration;
			buildSettings = {
				ASSETCATALOG_COMPILER_APPICON_NAME = AppIcon;
				ASSETCATALOG_COMPILER_GLOBAL_ACCENT_COLOR_NAME = AccentColor;
				CODE_SIGN_STYLE = Automatic;
				CURRENT_PROJECT_VERSION = 1;
				GENERATE_INFOPLIST_FILE = YES;
				INFOPLIST_FILE = "Weather+MVVM/Info.plist";
				INFOPLIST_KEY_UIApplicationSupportsIndirectInputEvents = YES;
				INFOPLIST_KEY_UILaunchStoryboardName = LaunchScreen;
				INFOPLIST_KEY_UISupportedInterfaceOrientations = UIInterfaceOrientationPortrait;
				INFOPLIST_KEY_UISupportedInterfaceOrientations_iPad = UIInterfaceOrientationPortrait;
				IPHONEOS_DEPLOYMENT_TARGET = 15.0;
				LD_RUNPATH_SEARCH_PATHS = (
					"$(inherited)",
					"@executable_path/Frameworks",
				);
				MARKETING_VERSION = 1.0;
				PRODUCT_BUNDLE_IDENTIFIER = "com.seunghye.Weather-MVVM";
				PRODUCT_NAME = "$(TARGET_NAME)";
				SUPPORTED_PLATFORMS = "iphoneos iphonesimulator";
				SUPPORTS_MACCATALYST = NO;
				SUPPORTS_MAC_DESIGNED_FOR_IPHONE_IPAD = NO;
				SUPPORTS_XR_DESIGNED_FOR_IPHONE_IPAD = NO;
				SWIFT_EMIT_LOC_STRINGS = YES;
				SWIFT_VERSION = 5.0;
				TARGETED_DEVICE_FAMILY = 1;
			};
			name = Debug;
		};
		EFE5491E2C3EB5480033A6A9 /* Release */ = {
			isa = XCBuildConfiguration;
			buildSettings = {
				ASSETCATALOG_COMPILER_APPICON_NAME = AppIcon;
				ASSETCATALOG_COMPILER_GLOBAL_ACCENT_COLOR_NAME = AccentColor;
				CODE_SIGN_STYLE = Automatic;
				CURRENT_PROJECT_VERSION = 1;
				GENERATE_INFOPLIST_FILE = YES;
				INFOPLIST_FILE = "Weather+MVVM/Info.plist";
				INFOPLIST_KEY_UIApplicationSupportsIndirectInputEvents = YES;
				INFOPLIST_KEY_UILaunchStoryboardName = LaunchScreen;
				INFOPLIST_KEY_UISupportedInterfaceOrientations = UIInterfaceOrientationPortrait;
				INFOPLIST_KEY_UISupportedInterfaceOrientations_iPad = UIInterfaceOrientationPortrait;
				IPHONEOS_DEPLOYMENT_TARGET = 15.0;
				LD_RUNPATH_SEARCH_PATHS = (
					"$(inherited)",
					"@executable_path/Frameworks",
				);
				MARKETING_VERSION = 1.0;
				PRODUCT_BUNDLE_IDENTIFIER = "com.seunghye.Weather-MVVM";
				PRODUCT_NAME = "$(TARGET_NAME)";
				SUPPORTED_PLATFORMS = "iphoneos iphonesimulator";
				SUPPORTS_MACCATALYST = NO;
				SUPPORTS_MAC_DESIGNED_FOR_IPHONE_IPAD = NO;
				SUPPORTS_XR_DESIGNED_FOR_IPHONE_IPAD = NO;
				SWIFT_EMIT_LOC_STRINGS = YES;
				SWIFT_VERSION = 5.0;
				TARGETED_DEVICE_FAMILY = 1;
			};
			name = Release;
		};
/* End XCBuildConfiguration section */

/* Begin XCConfigurationList section */
		EFE549032C3EB5460033A6A9 /* Build configuration list for PBXProject "Weather+MVVM" */ = {
			isa = XCConfigurationList;
			buildConfigurations = (
				EFE5491A2C3EB5480033A6A9 /* Debug */,
				EFE5491B2C3EB5480033A6A9 /* Release */,
			);
			defaultConfigurationIsVisible = 0;
			defaultConfigurationName = Release;
		};
		EFE5491C2C3EB5480033A6A9 /* Build configuration list for PBXNativeTarget "Weather+MVVM" */ = {
			isa = XCConfigurationList;
			buildConfigurations = (
				EFE5491D2C3EB5480033A6A9 /* Debug */,
				EFE5491E2C3EB5480033A6A9 /* Release */,
			);
			defaultConfigurationIsVisible = 0;
			defaultConfigurationName = Release;
		};
/* End XCConfigurationList section */

/* Begin XCRemoteSwiftPackageReference section */
		EFE549312C3EBF5E0033A6A9 /* XCRemoteSwiftPackageReference "SnapKit" */ = {
			isa = XCRemoteSwiftPackageReference;
			repositoryURL = "https://github.com/SnapKit/SnapKit.git";
			requirement = {
				kind = upToNextMajorVersion;
				minimumVersion = 5.7.1;
			};
		};
		EFE549342C3EBF790033A6A9 /* XCRemoteSwiftPackageReference "Alamofire" */ = {
			isa = XCRemoteSwiftPackageReference;
			repositoryURL = "https://github.com/Alamofire/Alamofire.git";
			requirement = {
				kind = upToNextMajorVersion;
				minimumVersion = 5.9.1;
			};
		};
/* End XCRemoteSwiftPackageReference section */

/* Begin XCSwiftPackageProductDependency section */
		EFE549322C3EBF5E0033A6A9 /* SnapKit */ = {
			isa = XCSwiftPackageProductDependency;
			package = EFE549312C3EBF5E0033A6A9 /* XCRemoteSwiftPackageReference "SnapKit" */;
			productName = SnapKit;
		};
		EFE549352C3EBF790033A6A9 /* Alamofire */ = {
			isa = XCSwiftPackageProductDependency;
			package = EFE549342C3EBF790033A6A9 /* XCRemoteSwiftPackageReference "Alamofire" */;
			productName = Alamofire;
		};
/* End XCSwiftPackageProductDependency section */
	};
	rootObject = EFE549002C3EB5460033A6A9 /* Project object */;
}
